
Microsoft Visual Studio Solution File, Format Version 12.00
# Visual Studio Version 17
VisualStudioVersion = 17.5.002.0
MinimumVisualStudioVersion = 10.0.40219.1
Project("{9A19103F-16F7-4668-BE54-9A1E7A4F7556}") = "Atividade", "Atividade.csproj", "{E26ADED2-E09F-4682-927D-3E25E2116785}"
EndProject
Global
	GlobalSection(SolutionConfigurationPlatforms) = preSolution
		Debug|Any CPU = Debug|Any CPU
		Release|Any CPU = Release|Any CPU
	EndGlobalSection
	GlobalSection(ProjectConfigurationPlatforms) = postSolution
		{E26ADED2-E09F-4682-927D-3E25E2116785}.Debug|Any CPU.ActiveCfg = Debug|Any CPU
		{E26ADED2-E09F-4682-927D-3E25E2116785}.Debug|Any CPU.Build.0 = Debug|Any CPU
		{E26ADED2-E09F-4682-927D-3E25E2116785}.Release|Any CPU.ActiveCfg = Release|Any CPU
		{E26ADED2-E09F-4682-927D-3E25E2116785}.Release|Any CPU.Build.0 = Release|Any CPU
	EndGlobalSection
	GlobalSection(SolutionProperties) = preSolution
		HideSolutionNode = FALSE
	EndGlobalSection
	GlobalSection(ExtensibilityGlobals) = postSolution
		SolutionGuid = {34DD02D6-58DC-4763-B8B7-C56246CD79F6}
	EndGlobalSection
EndGlobal
